
Microsoft Visual Studio Solution File, Format Version 12.00
# Visual Studio Version 16
VisualStudioVersion = 16.0.30413.136
MinimumVisualStudioVersion = 10.0.40219.1
Project("{FAE04EC0-301F-11D3-BF4B-00C04F79EFBC}") = "SUS.HTTP", "SUS.HTTP\SUS.HTTP.csproj", "{C1A43699-3FFA-4657-B4A3-05F4B4528D94}"
EndProject
Project("{FAE04EC0-301F-11D3-BF4B-00C04F79EFBC}") = "SUS.MvcFramework", "SUS.MvcFramework\SUS.MvcFramework.csproj", "{CABE0FA8-356C-42E2-AE6B-021E09C78DBF}"
EndProject
Project("{2150E333-8FDC-42A3-9474-1A3956D46DE8}") = "Apps", "Apps", "{1E374396-BF16-42F4-B696-F12B48E8446E}"
EndProject
Project("{9A19103F-16F7-4668-BE54-9A1E7A4F7556}") = "MyFirstMvcApp", "Apps\MyFirstMvcApp\MyFirstMvcApp.csproj", "{9019BCBA-0A89-4344-BB47-0D72FEDE281B}"
EndProject
Global
	GlobalSection(SolutionConfigurationPlatforms) = preSolution
		Debug|Any CPU = Debug|Any CPU
		Release|Any CPU = Release|Any CPU
	EndGlobalSection
	GlobalSection(ProjectConfigurationPlatforms) = postSolution
		{C1A43699-3FFA-4657-B4A3-05F4B4528D94}.Debug|Any CPU.ActiveCfg = Debug|Any CPU
		{C1A43699-3FFA-4657-B4A3-05F4B4528D94}.Debug|Any CPU.Build.0 = Debug|Any CPU
		{C1A43699-3FFA-4657-B4A3-05F4B4528D94}.Release|Any CPU.ActiveCfg = Release|Any CPU
		{C1A43699-3FFA-4657-B4A3-05F4B4528D94}.Release|Any CPU.Build.0 = Release|Any CPU
		{CABE0FA8-356C-42E2-AE6B-021E09C78DBF}.Debug|Any CPU.ActiveCfg = Debug|Any CPU
		{CABE0FA8-356C-42E2-AE6B-021E09C78DBF}.Debug|Any CPU.Build.0 = Debug|Any CPU
		{CABE0FA8-356C-42E2-AE6B-021E09C78DBF}.Release|Any CPU.ActiveCfg = Release|Any CPU
		{CABE0FA8-356C-42E2-AE6B-021E09C78DBF}.Release|Any CPU.Build.0 = Release|Any CPU
		{9019BCBA-0A89-4344-BB47-0D72FEDE281B}.Debug|Any CPU.ActiveCfg = Debug|Any CPU
		{9019BCBA-0A89-4344-BB47-0D72FEDE281B}.Debug|Any CPU.Build.0 = Debug|Any CPU
		{9019BCBA-0A89-4344-BB47-0D72FEDE281B}.Release|Any CPU.ActiveCfg = Release|Any CPU
		{9019BCBA-0A89-4344-BB47-0D72FEDE281B}.Release|Any CPU.Build.0 = Release|Any CPU
	EndGlobalSection
	GlobalSection(SolutionProperties) = preSolution
		HideSolutionNode = FALSE
	EndGlobalSection
	GlobalSection(NestedProjects) = preSolution
		{9019BCBA-0A89-4344-BB47-0D72FEDE281B} = {1E374396-BF16-42F4-B696-F12B48E8446E}
	EndGlobalSection
	GlobalSection(ExtensibilityGlobals) = postSolution
		SolutionGuid = {6C2C3BB7-B2EA-4099-8232-5FCD6486F033}
	EndGlobalSection
EndGlobal
